
Microsoft Visual Studio Solution File, Format Version 12.00
# Visual Studio Version 16
VisualStudioVersion = 16.0.32929.386
MinimumVisualStudioVersion = 10.0.40219.1
Project("{2150E333-8FDC-42A3-9474-1A3956D46DE8}") = "Task0", "Task0", "{BAC8AD85-B713-4559-BF25-96F9F6E15243}"
EndProject
Project("{FAE04EC0-301F-11D3-BF4B-00C04F79EFBC}") = "Tyuiu.NosovaVD.Sprint2.Task0.V5", "Tyuiu.NosovaVD.Sprint2.Task0.V5\Tyuiu.NosovaVD.Sprint2.Task0.V5.csproj", "{9ADDE8D3-EB55-438F-B3FB-7B894C6DF962}"
EndProject
Project("{FAE04EC0-301F-11D3-BF4B-00C04F79EFBC}") = "Tyuiu.NosovaVD.Sprint2.Task0.V5.Lib", "Tyuiu.NosovaVD.Sprint2.Task0.V5.Lib\Tyuiu.NosovaVD.Sprint2.Task0.V5.Lib.csproj", "{0A95BC6D-4AF7-45ED-9916-624828D6D88F}"
EndProject
Project("{FAE04EC0-301F-11D3-BF4B-00C04F79EFBC}") = "Tyuiu.NosovaVD.Sprint2.Task0.V5.Test", "Tyuiu.NosovaVD.Sprint2.Task0.V5.Test\Tyuiu.NosovaVD.Sprint2.Task0.V5.Test.csproj", "{C4873A1B-5003-46A6-8336-D9E8463D4905}"
EndProject
Project("{2150E333-8FDC-42A3-9474-1A3956D46DE8}") = "Task1", "Task1", "{39BD6220-70A8-47AB-B4BC-48733FD71600}"
EndProject
Project("{FAE04EC0-301F-11D3-BF4B-00C04F79EFBC}") = "Tyuiu.NosovaVD.Sprint2.Task1.V26", "Tyuiu.NosovaVD.Sprint2.Task1.V26\Tyuiu.NosovaVD.Sprint2.Task1.V26.csproj", "{1DB93DD9-77ED-43E0-9194-2A0461F8D982}"
EndProject
Project("{FAE04EC0-301F-11D3-BF4B-00C04F79EFBC}") = "Tyuiu.NosovaVD.Sprint2.Task1.V26.Lib", "Tyuiu.NosovaVD.Sprint2.Task1.V26.Lib\Tyuiu.NosovaVD.Sprint2.Task1.V26.Lib.csproj", "{0836AC02-B932-4C07-9F7D-ADF2B4436B73}"
EndProject
Project("{FAE04EC0-301F-11D3-BF4B-00C04F79EFBC}") = "Tyuiu.NosovaVD.Sprint2.Task1.V26.Test", "Tyuiu.NosovaVD.Sprint2.Task1.V26.Test\Tyuiu.NosovaVD.Sprint2.Task1.V26.Test.csproj", "{5E923208-19CA-4029-A20E-FB353146F9DA}"
EndProject
Project("{2150E333-8FDC-42A3-9474-1A3956D46DE8}") = "Task2", "Task2", "{5901268E-A1B6-4101-A870-C301C06E6461}"
EndProject
Project("{FAE04EC0-301F-11D3-BF4B-00C04F79EFBC}") = "Tyuiu.NosovaVD.Sprint2.Task2.V24", "Tyuiu.NosovaVD.Sprint2.Task2.V24\Tyuiu.NosovaVD.Sprint2.Task2.V24.csproj", "{69F5915C-4F3C-4F5A-96BE-53157708FB3A}"
EndProject
Project("{FAE04EC0-301F-11D3-BF4B-00C04F79EFBC}") = "Tyuiu.NosovaVD.Sprint2.Task2.V24.Lib", "Tyuiu.NosovaVD.Sprint2.Task2.V24.Lib\Tyuiu.NosovaVD.Sprint2.Task2.V24.Lib.csproj", "{263127B9-9ED2-4B7D-B95C-A49E15F7E0CA}"
EndProject
Project("{FAE04EC0-301F-11D3-BF4B-00C04F79EFBC}") = "Tyuiu.NosovaVD.Sprint2.Task2.V24.Test", "Tyuiu.NosovaVD.Sprint2.Task2.V24.Test\Tyuiu.NosovaVD.Sprint2.Task2.V24.Test.csproj", "{33A0E979-4F39-49DD-B17D-6279115DCCD5}"
EndProject
Project("{2150E333-8FDC-42A3-9474-1A3956D46DE8}") = "Task3", "Task3", "{1BD04F0D-E92C-4385-8363-41BDD2E1103A}"
EndProject
Project("{FAE04EC0-301F-11D3-BF4B-00C04F79EFBC}") = "Tyuiu.NosovaVD.Sprint2.Task3.V26", "Tyuiu.NosovaVD.Sprint2.Task3.V26\Tyuiu.NosovaVD.Sprint2.Task3.V26.csproj", "{EA639546-486A-4709-822C-C92B54AD6153}"
EndProject
Project("{FAE04EC0-301F-11D3-BF4B-00C04F79EFBC}") = "Tyuiu.NosovaVD.Sprint2.Task3.V26.Lib", "Tyuiu.NosovaVD.Sprint2.Task3.V26.Lib\Tyuiu.NosovaVD.Sprint2.Task3.V26.Lib.csproj", "{CDDBFD56-E9DD-4D83-B24B-41A74EFE0F27}"
EndProject
Project("{FAE04EC0-301F-11D3-BF4B-00C04F79EFBC}") = "Tyuiu.NosovaVD.Sprint2.Task3.V26.Test", "Tyuiu.NosovaVD.Sprint2.Task3.V26.Test\Tyuiu.NosovaVD.Sprint2.Task3.V26.Test.csproj", "{0F8192E5-F0B9-47D6-9D5B-9B2AF36AA0C0}"
EndProject
Project("{2150E333-8FDC-42A3-9474-1A3956D46DE8}") = "Task4", "Task4", "{98FD89EA-ADF6-4C62-90B8-BE53F095C3D9}"
EndProject
Project("{FAE04EC0-301F-11D3-BF4B-00C04F79EFBC}") = "Tyuiu.NosovaVD.Sprint2.Task4.V28", "Tyuiu.NosovaVD.Sprint2.Task4.V28\Tyuiu.NosovaVD.Sprint2.Task4.V28.csproj", "{A9968889-F37A-484D-BCD7-B05220ECE7D9}"
EndProject
Project("{FAE04EC0-301F-11D3-BF4B-00C04F79EFBC}") = "Tyuiu.NosovaVD.Sprint2.Task4.V28.Lib", "Tyuiu.NosovaVD.Sprint2.Task4.V28.Lib\Tyuiu.NosovaVD.Sprint2.Task4.V28.Lib.csproj", "{F8B4386A-D066-4ADB-884F-8A88A721764D}"
EndProject
Project("{FAE04EC0-301F-11D3-BF4B-00C04F79EFBC}") = "Tyuiu.NosovaVD.Sprint2.Task4.V28.Test", "Tyuiu.NosovaVD.Sprint2.Task4.V28.Test\Tyuiu.NosovaVD.Sprint2.Task4.V28.Test.csproj", "{DA619BDE-0E6F-4F53-BFD9-0FFEB5EF1FD4}"
EndProject
Project("{2150E333-8FDC-42A3-9474-1A3956D46DE8}") = "Task5", "Task5", "{3C14242F-4865-418B-9258-9A485A206C3B}"
EndProject
Project("{FAE04EC0-301F-11D3-BF4B-00C04F79EFBC}") = "Tyuiu.NosovaVD.Sprint2.Task5.V3", "Tyuiu.NosovaVD.Sprint2.Task5.V3\Tyuiu.NosovaVD.Sprint2.Task5.V3.csproj", "{9281D0C6-E694-4FAB-B121-1F6DD6E5262C}"
EndProject
Project("{FAE04EC0-301F-11D3-BF4B-00C04F79EFBC}") = "Tyuiu.NosovaVD.Sprint2.Task5.V3.Lib", "Tyuiu.NosovaVD.Sprint2.Task5.V3.Lib\Tyuiu.NosovaVD.Sprint2.Task5.V3.Lib.csproj", "{72097827-0204-4776-BF8E-5DD026E0B6D2}"
EndProject
Project("{FAE04EC0-301F-11D3-BF4B-00C04F79EFBC}") = "Tyuiu.NosovaVD.Sprint2.Task5.V3.Test", "Tyuiu.NosovaVD.Sprint2.Task5.V3.Test\Tyuiu.NosovaVD.Sprint2.Task5.V3.Test.csproj", "{2AE4F960-DABF-4D0F-82B0-4A2605BBCB5E}"
EndProject
Global
	GlobalSection(SolutionConfigurationPlatforms) = preSolution
		Debug|Any CPU = Debug|Any CPU
		Release|Any CPU = Release|Any CPU
	EndGlobalSection
	GlobalSection(ProjectConfigurationPlatforms) = postSolution
		{9ADDE8D3-EB55-438F-B3FB-7B894C6DF962}.Debug|Any CPU.ActiveCfg = Debug|Any CPU
		{9ADDE8D3-EB55-438F-B3FB-7B894C6DF962}.Debug|Any CPU.Build.0 = Debug|Any CPU
		{9ADDE8D3-EB55-438F-B3FB-7B894C6DF962}.Release|Any CPU.ActiveCfg = Release|Any CPU
		{9ADDE8D3-EB55-438F-B3FB-7B894C6DF962}.Release|Any CPU.Build.0 = Release|Any CPU
		{0A95BC6D-4AF7-45ED-9916-624828D6D88F}.Debug|Any CPU.ActiveCfg = Debug|Any CPU
		{0A95BC6D-4AF7-45ED-9916-624828D6D88F}.Debug|Any CPU.Build.0 = Debug|Any CPU
		{0A95BC6D-4AF7-45ED-9916-624828D6D88F}.Release|Any CPU.ActiveCfg = Release|Any CPU
		{0A95BC6D-4AF7-45ED-9916-624828D6D88F}.Release|Any CPU.Build.0 = Release|Any CPU
		{C4873A1B-5003-46A6-8336-D9E8463D4905}.Debug|Any CPU.ActiveCfg = Debug|Any CPU
		{C4873A1B-5003-46A6-8336-D9E8463D4905}.Debug|Any CPU.Build.0 = Debug|Any CPU
		{C4873A1B-5003-46A6-8336-D9E8463D4905}.Release|Any CPU.ActiveCfg = Release|Any CPU
		{C4873A1B-5003-46A6-8336-D9E8463D4905}.Release|Any CPU.Build.0 = Release|Any CPU
		{1DB93DD9-77ED-43E0-9194-2A0461F8D982}.Debug|Any CPU.ActiveCfg = Debug|Any CPU
		{1DB93DD9-77ED-43E0-9194-2A0461F8D982}.Debug|Any CPU.Build.0 = Debug|Any CPU
		{1DB93DD9-77ED-43E0-9194-2A0461F8D982}.Release|Any CPU.ActiveCfg = Release|Any CPU
		{1DB93DD9-77ED-43E0-9194-2A0461F8D982}.Release|Any CPU.Build.0 = Release|Any CPU
		{0836AC02-B932-4C07-9F7D-ADF2B4436B73}.Debug|Any CPU.ActiveCfg = Debug|Any CPU
		{0836AC02-B932-4C07-9F7D-ADF2B4436B73}.Debug|Any CPU.Build.0 = Debug|Any CPU
		{0836AC02-B932-4C07-9F7D-ADF2B4436B73}.Release|Any CPU.ActiveCfg = Release|Any CPU
		{0836AC02-B932-4C07-9F7D-ADF2B4436B73}.Release|Any CPU.Build.0 = Release|Any CPU
		{5E923208-19CA-4029-A20E-FB353146F9DA}.Debug|Any CPU.ActiveCfg = Debug|Any CPU
		{5E923208-19CA-4029-A20E-FB353146F9DA}.Debug|Any CPU.Build.0 = Debug|Any CPU
		{5E923208-19CA-4029-A20E-FB353146F9DA}.Release|Any CPU.ActiveCfg = Release|Any CPU
		{5E923208-19CA-4029-A20E-FB353146F9DA}.Release|Any CPU.Build.0 = Release|Any CPU
		{69F5915C-4F3C-4F5A-96BE-53157708FB3A}.Debug|Any CPU.ActiveCfg = Debug|Any CPU
		{69F5915C-4F3C-4F5A-96BE-53157708FB3A}.Debug|Any CPU.Build.0 = Debug|Any CPU
		{69F5915C-4F3C-4F5A-96BE-53157708FB3A}.Release|Any CPU.ActiveCfg = Release|Any CPU
		{69F5915C-4F3C-4F5A-96BE-53157708FB3A}.Release|Any CPU.Build.0 = Release|Any CPU
		{263127B9-9ED2-4B7D-B95C-A49E15F7E0CA}.Debug|Any CPU.ActiveCfg = Debug|Any CPU
		{263127B9-9ED2-4B7D-B95C-A49E15F7E0CA}.Debug|Any CPU.Build.0 = Debug|Any CPU
		{263127B9-9ED2-4B7D-B95C-A49E15F7E0CA}.Release|Any CPU.ActiveCfg = Release|Any CPU
		{263127B9-9ED2-4B7D-B95C-A49E15F7E0CA}.Release|Any CPU.Build.0 = Release|Any CPU
		{33A0E979-4F39-49DD-B17D-6279115DCCD5}.Debug|Any CPU.ActiveCfg = Debug|Any CPU
		{33A0E979-4F39-49DD-B17D-6279115DCCD5}.Debug|Any CPU.Build.0 = Debug|Any CPU
		{33A0E979-4F39-49DD-B17D-6279115DCCD5}.Release|Any CPU.ActiveCfg = Release|Any CPU
		{33A0E979-4F39-49DD-B17D-6279115DCCD5}.Release|Any CPU.Build.0 = Release|Any CPU
		{EA639546-486A-4709-822C-C92B54AD6153}.Debug|Any CPU.ActiveCfg = Debug|Any CPU
		{EA639546-486A-4709-822C-C92B54AD6153}.Debug|Any CPU.Build.0 = Debug|Any CPU
		{EA639546-486A-4709-822C-C92B54AD6153}.Release|Any CPU.ActiveCfg = Release|Any CPU
		{EA639546-486A-4709-822C-C92B54AD6153}.Release|Any CPU.Build.0 = Release|Any CPU
		{CDDBFD56-E9DD-4D83-B24B-41A74EFE0F27}.Debug|Any CPU.ActiveCfg = Debug|Any CPU
		{CDDBFD56-E9DD-4D83-B24B-41A74EFE0F27}.Debug|Any CPU.Build.0 = Debug|Any CPU
		{CDDBFD56-E9DD-4D83-B24B-41A74EFE0F27}.Release|Any CPU.ActiveCfg = Release|Any CPU
		{CDDBFD56-E9DD-4D83-B24B-41A74EFE0F27}.Release|Any CPU.Build.0 = Release|Any CPU
		{0F8192E5-F0B9-47D6-9D5B-9B2AF36AA0C0}.Debug|Any CPU.ActiveCfg = Debug|Any CPU
		{0F8192E5-F0B9-47D6-9D5B-9B2AF36AA0C0}.Debug|Any CPU.Build.0 = Debug|Any CPU
		{0F8192E5-F0B9-47D6-9D5B-9B2AF36AA0C0}.Release|Any CPU.ActiveCfg = Release|Any CPU
		{0F8192E5-F0B9-47D6-9D5B-9B2AF36AA0C0}.Release|Any CPU.Build.0 = Release|Any CPU
		{A9968889-F37A-484D-BCD7-B05220ECE7D9}.Debug|Any CPU.ActiveCfg = Debug|Any CPU
		{A9968889-F37A-484D-BCD7-B05220ECE7D9}.Debug|Any CPU.Build.0 = Debug|Any CPU
		{A9968889-F37A-484D-BCD7-B05220ECE7D9}.Release|Any CPU.ActiveCfg = Release|Any CPU
		{A9968889-F37A-484D-BCD7-B05220ECE7D9}.Release|Any CPU.Build.0 = Release|Any CPU
		{F8B4386A-D066-4ADB-884F-8A88A721764D}.Debug|Any CPU.ActiveCfg = Debug|Any CPU
		{F8B4386A-D066-4ADB-884F-8A88A721764D}.Debug|Any CPU.Build.0 = Debug|Any CPU
		{F8B4386A-D066-4ADB-884F-8A88A721764D}.Release|Any CPU.ActiveCfg = Release|Any CPU
		{F8B4386A-D066-4ADB-884F-8A88A721764D}.Release|Any CPU.Build.0 = Release|Any CPU
		{DA619BDE-0E6F-4F53-BFD9-0FFEB5EF1FD4}.Debug|Any CPU.ActiveCfg = Debug|Any CPU
		{DA619BDE-0E6F-4F53-BFD9-0FFEB5EF1FD4}.Debug|Any CPU.Build.0 = Debug|Any CPU
		{DA619BDE-0E6F-4F53-BFD9-0FFEB5EF1FD4}.Release|Any CPU.ActiveCfg = Release|Any CPU
		{DA619BDE-0E6F-4F53-BFD9-0FFEB5EF1FD4}.Release|Any CPU.Build.0 = Release|Any CPU
		{9281D0C6-E694-4FAB-B121-1F6DD6E5262C}.Debug|Any CPU.ActiveCfg = Debug|Any CPU
		{9281D0C6-E694-4FAB-B121-1F6DD6E5262C}.Debug|Any CPU.Build.0 = Debug|Any CPU
		{9281D0C6-E694-4FAB-B121-1F6DD6E5262C}.Release|Any CPU.ActiveCfg = Release|Any CPU
		{9281D0C6-E694-4FAB-B121-1F6DD6E5262C}.Release|Any CPU.Build.0 = Release|Any CPU
		{72097827-0204-4776-BF8E-5DD026E0B6D2}.Debug|Any CPU.ActiveCfg = Debug|Any CPU
		{72097827-0204-4776-BF8E-5DD026E0B6D2}.Debug|Any CPU.Build.0 = Debug|Any CPU
		{72097827-0204-4776-BF8E-5DD026E0B6D2}.Release|Any CPU.ActiveCfg = Release|Any CPU
		{72097827-0204-4776-BF8E-5DD026E0B6D2}.Release|Any CPU.Build.0 = Release|Any CPU
		{2AE4F960-DABF-4D0F-82B0-4A2605BBCB5E}.Debug|Any CPU.ActiveCfg = Debug|Any CPU
		{2AE4F960-DABF-4D0F-82B0-4A2605BBCB5E}.Debug|Any CPU.Build.0 = Debug|Any CPU
		{2AE4F960-DABF-4D0F-82B0-4A2605BBCB5E}.Release|Any CPU.ActiveCfg = Release|Any CPU
		{2AE4F960-DABF-4D0F-82B0-4A2605BBCB5E}.Release|Any CPU.Build.0 = Release|Any CPU
	EndGlobalSection
	GlobalSection(SolutionProperties) = preSolution
		HideSolutionNode = FALSE
	EndGlobalSection
	GlobalSection(NestedProjects) = preSolution
		{9ADDE8D3-EB55-438F-B3FB-7B894C6DF962} = {BAC8AD85-B713-4559-BF25-96F9F6E15243}
		{0A95BC6D-4AF7-45ED-9916-624828D6D88F} = {BAC8AD85-B713-4559-BF25-96F9F6E15243}
		{C4873A1B-5003-46A6-8336-D9E8463D4905} = {BAC8AD85-B713-4559-BF25-96F9F6E15243}
		{1DB93DD9-77ED-43E0-9194-2A0461F8D982} = {39BD6220-70A8-47AB-B4BC-48733FD71600}
		{0836AC02-B932-4C07-9F7D-ADF2B4436B73} = {39BD6220-70A8-47AB-B4BC-48733FD71600}
		{5E923208-19CA-4029-A20E-FB353146F9DA} = {39BD6220-70A8-47AB-B4BC-48733FD71600}
		{69F5915C-4F3C-4F5A-96BE-53157708FB3A} = {5901268E-A1B6-4101-A870-C301C06E6461}
		{263127B9-9ED2-4B7D-B95C-A49E15F7E0CA} = {5901268E-A1B6-4101-A870-C301C06E6461}
		{33A0E979-4F39-49DD-B17D-6279115DCCD5} = {5901268E-A1B6-4101-A870-C301C06E6461}
		{EA639546-486A-4709-822C-C92B54AD6153} = {1BD04F0D-E92C-4385-8363-41BDD2E1103A}
		{CDDBFD56-E9DD-4D83-B24B-41A74EFE0F27} = {1BD04F0D-E92C-4385-8363-41BDD2E1103A}
		{0F8192E5-F0B9-47D6-9D5B-9B2AF36AA0C0} = {1BD04F0D-E92C-4385-8363-41BDD2E1103A}
		{A9968889-F37A-484D-BCD7-B05220ECE7D9} = {98FD89EA-ADF6-4C62-90B8-BE53F095C3D9}
		{F8B4386A-D066-4ADB-884F-8A88A721764D} = {98FD89EA-ADF6-4C62-90B8-BE53F095C3D9}
		{DA619BDE-0E6F-4F53-BFD9-0FFEB5EF1FD4} = {98FD89EA-ADF6-4C62-90B8-BE53F095C3D9}
		{9281D0C6-E694-4FAB-B121-1F6DD6E5262C} = {3C14242F-4865-418B-9258-9A485A206C3B}
		{72097827-0204-4776-BF8E-5DD026E0B6D2} = {3C14242F-4865-418B-9258-9A485A206C3B}
		{2AE4F960-DABF-4D0F-82B0-4A2605BBCB5E} = {3C14242F-4865-418B-9258-9A485A206C3B}
	EndGlobalSection
	GlobalSection(ExtensibilityGlobals) = postSolution
		SolutionGuid = {E1B347E5-0D2F-429C-A90B-2CAF56AC9C48}
	EndGlobalSection
EndGlobal
